{
  "nodes": {
    "flake-compat": {
      "flake": false,
      "locked": {
        "lastModified": 1767039857,
        "narHash": "sha256-vNpUSpF5Nuw8xvDLj2KCwwksIbjua2LZCqhV1LNRDns=",
        "owner": "NixOS",
        "repo": "flake-compat",
        "rev": "5edf11c44bc78a0d334f6334cdaf7d60d732daab",
        "type": "github"
      },
      "original": {
        "owner": "NixOS",
        "repo": "flake-compat",
        "type": "github"
      }
    },
    "flint": {
      "inputs": {
        "nixpkgs": [
          "nixpkgs"
        ]
      },
      "locked": {
        "lastModified": 1767431140,
        "narHash": "sha256-ug37Jt6r8LP3161suTh6IW+fkx0a7kiSAhAPsVcPrkA=",
        "owner": "notashelf",
        "repo": "flint",
        "rev": "7832a5b5f5ef1243818f8f5e357ad1ee2d35d2b7",
        "type": "github"
      },
      "original": {
        "owner": "notashelf",
        "repo": "flint",
        "type": "github"
      }
    },
    "font-awesome": {
      "flake": false,
      "locked": {
        "lastModified": 1782424997,
        "narHash": "sha256-rWGorkZFzytPCODWmoSiLMrF9+hVWO2aNw3/UCiZxZ8=",
        "owner": "FortAwesome",
        "repo": "Font-Awesome",
        "rev": "70fb2dd154b617f62fc4ae5b0b7e2943bfd2aa96",
        "type": "github"
      },
      "original": {
        "owner": "FortAwesome",
        "repo": "Font-Awesome",
        "type": "github"
      }
    },
    "git-hooks": {
      "inputs": {
        "flake-compat": "flake-compat",
        "nixpkgs": [
          "nixpkgs"
        ]
      },
      "locked": {
        "lastModified": 1782908218,
        "narHash": "sha256-wLMOrPgVyeF3XmP+qfYcLqnVdTxikdcSvbIY7rA9jTA=",
        "owner": "cachix",
        "repo": "git-hooks.nix",
        "rev": "9f7e99119ece7705299595299f3b031f39356de1",
        "type": "github"
      },
      "original": {
        "owner": "cachix",
        "repo": "git-hooks.nix",
        "type": "github"
      }
    },
    "nixpkgs": {
      "locked": {
        "lastModified": 1782723713,
        "narHash": "sha256-oPXCU/SSUokcGaJREHibG1CBX3+s/W7orDWQOZDsEeQ=",
        "owner": "nixos",
        "repo": "nixpkgs",
        "rev": "b5aa0fbd538984f6e3d201be0005b4463d8b09f8",
        "type": "github"
      },
      "original": {
        "owner": "nixos",
        "ref": "nixos-unstable",
        "repo": "nixpkgs",
        "type": "github"
      }
    },
    "root": {
      "inputs": {
        "flint": "flint",
        "font-awesome": "font-awesome",
        "git-hooks": "git-hooks",
        "nixpkgs": "nixpkgs",
        "simple-icons": "simple-icons",
        "zola-hallo": "zola-hallo"
      }
    },
    "simple-icons": {
      "flake": false,
      "locked": {
        "lastModified": 1782661446,
        "narHash": "sha256-u+pLyXJocH5KJrDCO04ZsgK1I3bAmkAmEHI0HxcT+/k=",
        "owner": "simple-icons",
        "repo": "simple-icons",
        "rev": "99fbe6a82b31d49a37fee878d5fc4f37a53df155",
        "type": "github"
      },
      "original": {
        "owner": "simple-icons",
        "repo": "simple-icons",
        "type": "github"
      }
    },
    "zola-hallo": {
      "flake": false,
      "locked": {
        "lastModified": 1758660718,
        "lfs": true,
        "narHash": "sha256-Gd1qY7c+7KNQKZlODnTLT7mLDQI9vs8eYXr0U0VjOxM=",
        "ref": "refs/heads/main",
        "rev": "fa4c43e77cd76dafad5fd5b7d0022337e7ebe4ea",
        "revCount": 37,
        "type": "git",
        "url": "https://codeberg.org/janbaudisch/zola-hallo"
      },
      "original": {
        "lfs": true,
        "type": "git",
        "url": "https://codeberg.org/janbaudisch/zola-hallo"
      }
    }
  },
  "root": "root",
  "version": 7
}
