{
  "nodes": {
    "flake-compat": {
      "flake": false,
      "locked": {
        "lastModified": 1767039857,
        "narHash": "sha256-vNpUSpF5Nuw8xvDLj2KCwwksIbjua2LZCqhV1LNRDns=",
        "owner": "NixOS",
        "repo": "flake-compat",
        "rev": "5edf11c44bc78a0d334f6334cdaf7d60d732daab",
        "type": "github"
      },
      "original": {
        "owner": "NixOS",
        "repo": "flake-compat",
        "type": "github"
      }
    },
    "flint": {
      "inputs": {
        "nixpkgs": [
          "nixpkgs"
        ]
      },
      "locked": {
        "lastModified": 1783727699,
        "narHash": "sha256-BOQsKIVekTCalqI7Io5LNd6O/2Xp0Tj8bqWQva2lEqU=",
        "owner": "notashelf",
        "repo": "flint",
        "rev": "56e8a7d257b671db1d83cc15e21e34e1e92c2b8a",
        "type": "github"
      },
      "original": {
        "owner": "notashelf",
        "repo": "flint",
        "type": "github"
      }
    },
    "font-awesome": {
      "flake": false,
      "locked": {
        "lastModified": 1784138970,
        "narHash": "sha256-FQ2XvDi2JQ/XR8xgy3f8uJnsQW/lF0/IehCJvSHS1Y4=",
        "owner": "FortAwesome",
        "repo": "Font-Awesome",
        "rev": "14c65a3747d0f3b751f15831fc719236aea8729d",
        "type": "github"
      },
      "original": {
        "owner": "FortAwesome",
        "repo": "Font-Awesome",
        "type": "github"
      }
    },
    "git-hooks": {
      "inputs": {
        "flake-compat": "flake-compat",
        "nixpkgs": [
          "nixpkgs"
        ]
      },
      "locked": {
        "lastModified": 1787770114,
        "narHash": "sha256-wFwVQb1x5FAY4T5VRZtgh0PCD9nbgtlaV9ta8+ZE8zs=",
        "owner": "cachix",
        "repo": "git-hooks.nix",
        "rev": "903a4c22c12860082f6a5e1b9a638d667883fcfd",
        "type": "github"
      },
      "original": {
        "owner": "cachix",
        "repo": "git-hooks.nix",
        "type": "github"
      }
    },
    "nixpkgs": {
      "locked": {
        "lastModified": 1785571196,
        "narHash": "sha256-KoTsyMQqnXQZq8deCEnu4QkyldkwH/bpMMhUcfMdGIw=",
        "owner": "nixos",
        "repo": "nixpkgs",
        "rev": "148bab9c1c3c53136ecb44a6ea356a0ed5b39b06",
        "type": "github"
      },
      "original": {
        "owner": "nixos",
        "ref": "nixos-unstable",
        "repo": "nixpkgs",
        "type": "github"
      }
    },
    "root": {
      "inputs": {
        "flint": "flint",
        "font-awesome": "font-awesome",
        "git-hooks": "git-hooks",
        "nixpkgs": "nixpkgs",
        "zola-hallo": "zola-hallo"
      }
    },
    "zola-hallo": {
      "flake": false,
      "locked": {
        "lastModified": 1758660718,
        "lfs": true,
        "narHash": "sha256-Gd1qY7c+7KNQKZlODnTLT7mLDQI9vs8eYXr0U0VjOxM=",
        "ref": "refs/heads/main",
        "rev": "fa4c43e77cd76dafad5fd5b7d0022337e7ebe4ea",
        "revCount": 37,
        "type": "git",
        "url": "https://codeberg.org/janbaudisch/zola-hallo"
      },
      "original": {
        "lfs": true,
        "type": "git",
        "url": "https://codeberg.org/janbaudisch/zola-hallo"
      }
    }
  },
  "root": "root",
  "version": 7
}
