{
  "name": "dwoffinden.github.io",
  "version": "1.0.0",
  "lockfileVersion": 3,
  "requires": true,
  "packages": {
    "": {
      "name": "dwoffinden.github.io",
      "version": "1.0.0",
      "license": "ISC",
      "dependencies": {
        "@primer/css": "15"
      }
    },
    "node_modules/@primer/css": {
      "version": "15.2.0",
      "resolved": "https://registry.npmjs.org/@primer/css/-/css-15.2.0.tgz",
      "integrity": "sha512-/vNDchWrxlXqd6E+SWQcChPHJVzGia9aCaTYoz8O9sJTnUSiTKOgSNCQuOXyUInPruTRSqj+z3MZxayKcTsWhA==",
      "license": "MIT",
      "dependencies": {
        "@primer/octicons": "^9.1.1"
      },
      "bin": {
        "primer-migrate": "bin/primer-migrate"
      }
    },
    "node_modules/@primer/octicons": {
      "version": "9.6.0",
      "resolved": "https://registry.npmjs.org/@primer/octicons/-/octicons-9.6.0.tgz",
      "integrity": "sha512-B5Wzk5izRXXz0JqEXJkVUtqhCXSpUKgqYkVwegMkp5sziBW+ksd9LPbONlCWyyLODwf9GsI2sBXekR7m+JJDBw==",
      "license": "MIT",
      "dependencies": {
        "object-assign": "^4.1.1"
      }
    },
    "node_modules/object-assign": {
      "version": "4.1.1",
      "resolved": "https://registry.npmjs.org/object-assign/-/object-assign-4.1.1.tgz",
      "integrity": "sha512-rJgTQnkUnH1sFw8yT6VSU3zD3sWmu6sZhIseY8VX+GRu3P6F7Fu+JNDoXfklElbLJSnc3FUQHVe4cU5hj+BcUg==",
      "license": "MIT",
      "engines": {
        "node": ">=0.10.0"
      }
    }
  }
}
