# THIS IS AN AUTOGENERATED FILE. DO NOT EDIT THIS FILE DIRECTLY.
# yarn lockfile v1


"@primer/css@15":
  version "15.2.0"
  resolved "https://registry.yarnpkg.com/@primer/css/-/css-15.2.0.tgz#ddf9651a9db2b9be03e7dfccfa612284ba1325ae"
  integrity sha512-/vNDchWrxlXqd6E+SWQcChPHJVzGia9aCaTYoz8O9sJTnUSiTKOgSNCQuOXyUInPruTRSqj+z3MZxayKcTsWhA==
  dependencies:
    "@primer/octicons" "^9.1.1"

"@primer/octicons@^9.1.1":
  version "9.6.0"
  resolved "https://registry.yarnpkg.com/@primer/octicons/-/octicons-9.6.0.tgz#e195f2dd5f30b6918ad5d8ff224c12f778d02408"
  integrity sha512-B5Wzk5izRXXz0JqEXJkVUtqhCXSpUKgqYkVwegMkp5sziBW+ksd9LPbONlCWyyLODwf9GsI2sBXekR7m+JJDBw==
  dependencies:
    object-assign "^4.1.1"

object-assign@^4.1.1:
  version "4.1.1"
  resolved "https://registry.yarnpkg.com/object-assign/-/object-assign-4.1.1.tgz#2109adc7965887cfc05cbbd442cac8bfbb360863"
  integrity sha512-rJgTQnkUnH1sFw8yT6VSU3zD3sWmu6sZhIseY8VX+GRu3P6F7Fu+JNDoXfklElbLJSnc3FUQHVe4cU5hj+BcUg==
