# THIS IS AN AUTOGENERATED FILE. DO NOT EDIT THIS FILE DIRECTLY.
# yarn lockfile v1


primer-alerts@2.0.0:
  version "2.0.0"
  resolved "https://registry.yarnpkg.com/primer-alerts/-/primer-alerts-2.0.0.tgz#5596b439ddd633f867938c7076b269e0ee5fbc69"
  integrity sha512-5i9etqA9XF1IcO4p+M7ZATE3X+wwsSMHCoswOL0UZwdp7tpcf2M/QopGMQOFQJLmrtSFqYuA8ZgFOmhPkI5pYg==
  dependencies:
    primer-support "5.0.0"

primer-avatars@2.0.0:
  version "2.0.0"
  resolved "https://registry.yarnpkg.com/primer-avatars/-/primer-avatars-2.0.0.tgz#f36fa608af4a215891501cd4279d132b610381f4"
  integrity sha512-ICsWHddcM2+q/P9rGyM79iK4aOv9HTS7DY/6K+TbCoEOD/76qnqbTPqqs3cNISVeYyhSPTM+F5U/izt+McKVkw==
  dependencies:
    primer-support "5.0.0"

primer-base@2.0.0:
  version "2.0.0"
  resolved "https://registry.yarnpkg.com/primer-base/-/primer-base-2.0.0.tgz#6456b5a0b378d4fa36984117af2771b2dd157997"
  integrity sha512-qqE3MiI1Zr7HgTO7NxguYHw4QrkRGOQjMPck1bFEZhNL36ey5PWJwqB68X7w6frOjA8tRid2joL99GBQhc1NnQ==
  dependencies:
    primer-support "5.0.0"

primer-blankslate@2.0.0:
  version "2.0.0"
  resolved "https://registry.yarnpkg.com/primer-blankslate/-/primer-blankslate-2.0.0.tgz#200c2ffd63a5e003601637dd4636302b38db803f"
  integrity sha512-C1iHuW/qf2oH9D+/oMKmFua9gFCkwTbf/NS1lHWjA/Jx1OyAOgaLB8l4C09yx7zkApMLoamWNGyR3NxqxIm+Aw==
  dependencies:
    primer-support "5.0.0"

primer-box@3.0.0:
  version "3.0.0"
  resolved "https://registry.yarnpkg.com/primer-box/-/primer-box-3.0.0.tgz#1ff211156f6b86aab46ac2445c80fe4ca601283b"
  integrity sha512-P6gUxgcC5Se2nPx4erHmj6JhqgBMxJDeJyuz5OS+SArWR0cydxi86Cf7mH4eNC+PebJQ91K+ddcxkU6w3vOEqw==
  dependencies:
    primer-support "5.0.0"

primer-branch-name@2.0.0:
  version "2.0.0"
  resolved "https://registry.yarnpkg.com/primer-branch-name/-/primer-branch-name-2.0.0.tgz#2e561ffdc86344b9b0797cecfee36acbbcd3cb91"
  integrity sha512-nhE0XRhrsKOtsHnA8M2Vk0Qlf/0UQzR8wxF4Q8pIaaorHjmaMsmlZZzZpIFLitZBIkF4Zco0MoG4vSkDayF4lg==
  dependencies:
    primer-support "5.0.0"

primer-breadcrumb@2.0.0:
  version "2.0.0"
  resolved "https://registry.yarnpkg.com/primer-breadcrumb/-/primer-breadcrumb-2.0.0.tgz#9ae7493709eaaf89825487c1f46564305feed711"
  integrity sha512-IhIQZ8HXZNnMh53qzl7JKDrUEAH4jPiqQ4WfxNrFwSoYUrQ7eGN3SJ9LD9oIjtmmO9DUUJhvmR0Cbr9OM1VB8w==
  dependencies:
    primer-support "5.0.0"

primer-buttons@3.0.0:
  version "3.0.0"
  resolved "https://registry.yarnpkg.com/primer-buttons/-/primer-buttons-3.0.0.tgz#42e4369e158d65dda7851bf6cbade0651af24a5d"
  integrity sha512-oQX3FOCRrnSrhPFef5AvLkBV9og7W/U0GYPvu1FbXV+CDVauO8pC5hntQqvwa9w/VCptsJl2qpYSIFCQiH+f1g==
  dependencies:
    primer-support "5.0.0"

primer-core@7.0.0:
  version "7.0.0"
  resolved "https://registry.yarnpkg.com/primer-core/-/primer-core-7.0.0.tgz#0ce9b0e5cacfece0618439340055168e8f80bed5"
  integrity sha512-m7E5IddQpzV2Jtrlk9s513zmM7ZMtZUBDJ9Bckrz+67tPSvY74jqwfvwvkty/hLhQFPlM8p+c0fmmRTcO+vVIA==
  dependencies:
    primer-base "2.0.0"
    primer-box "3.0.0"
    primer-breadcrumb "2.0.0"
    primer-buttons "3.0.0"
    primer-forms "3.0.0"
    primer-layout "2.0.0"
    primer-navigation "2.0.0"
    primer-pagination "2.0.0"
    primer-support "5.0.0"
    primer-table-object "2.0.0"
    primer-tooltips "2.0.0"
    primer-truncate "2.0.0"
    primer-utilities "5.0.0"

primer-forms@3.0.0:
  version "3.0.0"
  resolved "https://registry.yarnpkg.com/primer-forms/-/primer-forms-3.0.0.tgz#e6974a53c467ac1fc00ab67eb7ec5270cf82c549"
  integrity sha512-buKBHx1skjLmPgYvpFL5Xr3cbE9lxGkWS/h8lsuwL3ZCx5axHFu8MI+fKL6BY1EInRfbfk56d6Dn4QbC/ctInQ==
  dependencies:
    primer-support "5.0.0"

primer-labels@2.0.0:
  version "2.0.0"
  resolved "https://registry.yarnpkg.com/primer-labels/-/primer-labels-2.0.0.tgz#a4c27c4593a76cec4dcbf0e3deae6020ad21e718"
  integrity sha512-70c75+iXyaIIg40VCLKu3N8gdablsspq7Ts4heuQdNPB1LkiAQaDZwJVa04VF5HdEJ6kwvmU/aTG73Rpfym6FQ==
  dependencies:
    primer-support "5.0.0"

primer-layout@2.0.0:
  version "2.0.0"
  resolved "https://registry.yarnpkg.com/primer-layout/-/primer-layout-2.0.0.tgz#df53c5a6148b36c4d0fec1884a7b4a77c358a8dd"
  integrity sha512-lwRq5KDaErF4JecHnBr2h6D4Dqbfv28pFBafIOsPvIuMHDHmxNVqao1LRXC86ficL9V0aynlkmH8q6DqKnVPlw==
  dependencies:
    primer-support "5.0.0"

primer-markdown@4.0.0:
  version "4.0.0"
  resolved "https://registry.yarnpkg.com/primer-markdown/-/primer-markdown-4.0.0.tgz#ce4b9004ef0e7295bb3dcacb68fa36af304a51ce"
  integrity sha512-WPDwlV8tTbyQNnVcNcOfoknub5W02qKBVdKHdwz9wGeXkLJxOGhtkatrzH0P03QqmVC6MGFknlNJFjaJOzvX9A==
  dependencies:
    primer-support "5.0.0"

primer-marketing-buttons@2.0.0:
  version "2.0.0"
  resolved "https://registry.yarnpkg.com/primer-marketing-buttons/-/primer-marketing-buttons-2.0.0.tgz#639f60d59709f67fd98ad06c9a4622b9d4da433e"
  integrity sha512-R8DvbvI6QjH9/xG2diqReqHhkMgKbiJ7+xg2VTlQon3H5sAxvUqBiqfqY+ZrZ9K5eyrLP+3Z/cgysKd/xe1U2A==
  dependencies:
    primer-marketing-support "2.0.0"
    primer-support "5.0.0"

primer-marketing-support@2.0.0:
  version "2.0.0"
  resolved "https://registry.yarnpkg.com/primer-marketing-support/-/primer-marketing-support-2.0.0.tgz#9f4d2ebb44c8fb747fa009ba36d2339fd0e1982c"
  integrity sha512-HyYxwDVn9aGVN4wyXiIAzHrAgmoyNlXvZpRXh/UZRlA9EfZMxlCji3KhuMFzQFtYi+nXt7f/cTB5AX9YRnlVZg==
  dependencies:
    primer-support "5.0.0"

primer-marketing-type@2.0.0:
  version "2.0.0"
  resolved "https://registry.yarnpkg.com/primer-marketing-type/-/primer-marketing-type-2.0.0.tgz#78280ddd7c61ac858707b7b1fe19117f14f53018"
  integrity sha512-c+bCjKVulTrRhjAHJ7pcaFYDUYiSecVFXMo6DkA9v5JvZ2cK/m4LySo5Eb2qbQmPBwLx6t/V1TnxD2cgKtdIDA==
  dependencies:
    primer-marketing-support "2.0.0"
    primer-support "5.0.0"

primer-marketing-utilities@2.0.0:
  version "2.0.0"
  resolved "https://registry.yarnpkg.com/primer-marketing-utilities/-/primer-marketing-utilities-2.0.0.tgz#a78b00014efd15239d494c79626952d3e9e1e876"
  integrity sha512-R2Y8uaOy44J9NtBNlLJKUrPKxtxv8svss3vP8YS4RRWISUSQGcjxRFPUX5ra8hqaenWO/NBbmeFVJXDwgrKu1A==
  dependencies:
    primer-marketing-support "2.0.0"
    primer-support "5.0.0"

primer-marketing@7.0.0:
  version "7.0.0"
  resolved "https://registry.yarnpkg.com/primer-marketing/-/primer-marketing-7.0.0.tgz#b0840052940fccb4e0846e5bb4e4dceaa353d493"
  integrity sha512-gLIWiE3pW1rXEEnmfz2eekq4LC27QUeMccrG87EU5qyEnu8LMr59c5LRibc5EJaCsa4708Jd2WxxSXEfD0ieug==
  dependencies:
    primer-marketing-buttons "2.0.0"
    primer-marketing-support "2.0.0"
    primer-marketing-type "2.0.0"
    primer-marketing-utilities "2.0.0"
    primer-support "5.0.0"

primer-navigation@2.0.0:
  version "2.0.0"
  resolved "https://registry.yarnpkg.com/primer-navigation/-/primer-navigation-2.0.0.tgz#69b1c8a6e38090428eced401b02b4596d99861d6"
  integrity sha512-yi45wDOuct/Wxp60hG74kfiNKsTluYmhsNelMBOy5WgTmnqtQy0l3d5NAQz/XdvEdiRrpres3LcPxs8GONO3sQ==
  dependencies:
    primer-support "5.0.0"

primer-pagination@2.0.0:
  version "2.0.0"
  resolved "https://registry.yarnpkg.com/primer-pagination/-/primer-pagination-2.0.0.tgz#d034ffde91b4f819c38b4df27be4ce851abbcb6d"
  integrity sha512-+1BGHkNJoJtGVkfWi/IUP82MlShSrPJM1my6da1UnfcRBhONfk+7O3DXT7VLscXYk11rYsd/pGKZ8ZPH4DAvsw==
  dependencies:
    primer-support "5.0.0"

primer-popover@1.0.0:
  version "1.0.0"
  resolved "https://registry.yarnpkg.com/primer-popover/-/primer-popover-1.0.0.tgz#5fbb9ad77e119b855747b77548fb14366fe22934"
  integrity sha512-0YDHOOVN+uqGledMuoF5oruZEGdEBt7eQCId1NrUQJ33rOsVRKCiK73/awg3v9/ZvjTCXgJb9vo+BO/sa3jHAQ==
  dependencies:
    primer-support "5.0.0"

primer-product@6.0.0:
  version "6.0.0"
  resolved "https://registry.yarnpkg.com/primer-product/-/primer-product-6.0.0.tgz#917578b5eec5ccd25122329bfdb1e7ddb083d19b"
  integrity sha512-yrONfMB2/BTXHnOr1ZTUobgJfVt+mWhewGN1b8//CJ2aWbjqx7vHD2U3tw2yqOA1o0ZoCxxfP0AT+LcMda6mdA==
  dependencies:
    primer-alerts "2.0.0"
    primer-avatars "2.0.0"
    primer-blankslate "2.0.0"
    primer-branch-name "2.0.0"
    primer-labels "2.0.0"
    primer-markdown "4.0.0"
    primer-popover "1.0.0"
    primer-progress "1.0.0"
    primer-subhead "2.0.0"
    primer-support "5.0.0"

primer-progress@1.0.0:
  version "1.0.0"
  resolved "https://registry.yarnpkg.com/primer-progress/-/primer-progress-1.0.0.tgz#2cead36e40702370d8669eafa12d152f3a65e231"
  integrity sha512-Y3lbJnILUhjRssiswsdc28mPD3rPRNgJlNggBRQpxeIk7LxF3O3IPgzIvi+TXcKS7xWFYxvNpSRF9Pc4VN7Acg==
  dependencies:
    primer-support "5.0.0"

primer-subhead@2.0.0:
  version "2.0.0"
  resolved "https://registry.yarnpkg.com/primer-subhead/-/primer-subhead-2.0.0.tgz#0fcb87718729986971dbeecd92afce114519efa5"
  integrity sha512-1b/zi+SEbDfs8gM3nSm9bJAH4J/zzZrbeiYa3KS6iTWteFrWHaoZXJpRgydt7PMytuQ5K84uKjy1vOMayr8hwA==
  dependencies:
    primer-support "5.0.0"

primer-support@5.0.0:
  version "5.0.0"
  resolved "https://registry.yarnpkg.com/primer-support/-/primer-support-5.0.0.tgz#d19c7cea59e8783400b9391943c8a2bb2ebddc5e"
  integrity sha512-inUxVSsGirn5IkPxBhFsMBgm8ZHyfOUmOWyDCN8cBXtbaLiCIAjHsPI46yS1zrWxnn0J2kvq8haomkrlHGF08g==

primer-table-object@2.0.0:
  version "2.0.0"
  resolved "https://registry.yarnpkg.com/primer-table-object/-/primer-table-object-2.0.0.tgz#c7fa79de0de4219036d83c3f832160cd311ac466"
  integrity sha512-ajCCvy93AwE8g62wS9Frw6kw1JM+gLCwMrr5N3ZXsu4lN1171782lnHcNBFdVzu0iFYiovH7CfQ0glVRNJVAbg==
  dependencies:
    primer-support "5.0.0"

primer-tooltips@2.0.0:
  version "2.0.0"
  resolved "https://registry.yarnpkg.com/primer-tooltips/-/primer-tooltips-2.0.0.tgz#953f271f411db2e7665282500bb75650ac82e9d8"
  integrity sha512-cNF3r3hG6sXLr71GbYyJw3BXCBhspW4FjzJ0Hx/BO+lP3XCrNAX/wqd57+vvnWSuaLif2O8s3/Prs3VBF50hVQ==
  dependencies:
    primer-support "5.0.0"

primer-truncate@2.0.0:
  version "2.0.0"
  resolved "https://registry.yarnpkg.com/primer-truncate/-/primer-truncate-2.0.0.tgz#4f0d5087394ba81f786ba95c61eb69f6522f3425"
  integrity sha512-/rmXZCR/wQpOyQsp/vSY8sO/9IczidcFRN0iUg4oCUXgufNuh8IRHetYOGXwnlMiO5c9EkbNFJi/6jkFmRBd4g==
  dependencies:
    primer-support "5.0.0"

primer-utilities@5.0.0:
  version "5.0.0"
  resolved "https://registry.yarnpkg.com/primer-utilities/-/primer-utilities-5.0.0.tgz#22f72a5fb7d24338371bbef3808bc2d27836681c"
  integrity sha512-HeMffBQLL2ygyPOUMccN43L9A/3HYsbDhs423Sr3Run1eW1ZvfTgCP3xh9P8Dh/dJt5qHFkekzBc4Y8qsZ3UtA==
  dependencies:
    primer-support "5.0.0"

primer@^11.0.0:
  version "11.0.0"
  resolved "https://registry.yarnpkg.com/primer/-/primer-11.0.0.tgz#ef7c427b25d16dab5d04d7e4295ef242c1b5e242"
  integrity sha512-p6T87WMgFyVl0GumISdlTWiE3sXBNR2Y0tg0tjUkKlETzSyzctWj7Rl7nrDY6uOFw4L9tediXSXaxTXdrF9Mjg==
  dependencies:
    primer-alerts "2.0.0"
    primer-avatars "2.0.0"
    primer-base "2.0.0"
    primer-blankslate "2.0.0"
    primer-box "3.0.0"
    primer-branch-name "2.0.0"
    primer-breadcrumb "2.0.0"
    primer-buttons "3.0.0"
    primer-core "7.0.0"
    primer-forms "3.0.0"
    primer-labels "2.0.0"
    primer-layout "2.0.0"
    primer-markdown "4.0.0"
    primer-marketing "7.0.0"
    primer-marketing-buttons "2.0.0"
    primer-marketing-support "2.0.0"
    primer-marketing-type "2.0.0"
    primer-marketing-utilities "2.0.0"
    primer-navigation "2.0.0"
    primer-pagination "2.0.0"
    primer-popover "1.0.0"
    primer-product "6.0.0"
    primer-progress "1.0.0"
    primer-subhead "2.0.0"
    primer-support "5.0.0"
    primer-table-object "2.0.0"
    primer-tooltips "2.0.0"
    primer-truncate "2.0.0"
    primer-utilities "5.0.0"
